{
  "name": "imdb-dataform",
  "lockfileVersion": 2,
  "requires": true,
  "packages": {
    "": {
      "name": "imdb-dataform",
      "dependencies": {
        "@dataform/core": "^2.8.4"
      }
    },
    "node_modules/@dataform/core": {
      "version": "2.8.4",
      "resolved": "https://registry.npmjs.org/@dataform/core/-/core-2.8.4.tgz",
      "integrity": "sha512-Q73D5BwviHzZmTICVoUPati3ellySuF7hsyL3h27vez+aMXb7dqZJiphHj5Pkg7NQFS/F++5my9pPMuYqf6zbQ=="
    }
  },
  "dependencies": {
    "@dataform/core": {
      "version": "2.8.4",
      "resolved": "https://registry.npmjs.org/@dataform/core/-/core-2.8.4.tgz",
      "integrity": "sha512-Q73D5BwviHzZmTICVoUPati3ellySuF7hsyL3h27vez+aMXb7dqZJiphHj5Pkg7NQFS/F++5my9pPMuYqf6zbQ=="
    }
  }
}
